// !$*UTF8*$!
{
	archiveVersion = 1;
	classes = {
	};
	objectVersion = 50;
	objects = {

/* Begin PBXBuildFile section */
		0EA892B2248643B800014701 /* AppDelegate.swift in Sources */ = {isa = PBXBuildFile; fileRef = 0EA892B1248643B800014701 /* AppDelegate.swift */; };
		0EA892B4248643B800014701 /* SceneDelegate.swift in Sources */ = {isa = PBXBuildFile; fileRef = 0EA892B3248643B800014701 /* SceneDelegate.swift */; };
		0EA892B9248643B800014701 /* Main.storyboard in Resources */ = {isa = PBXBuildFile; fileRef = 0EA892B7248643B800014701 /* Main.storyboard */; };
		0EA892BB248643BE00014701 /* Assets.xcassets in Resources */ = {isa = PBXBuildFile; fileRef = 0EA892BA248643BE00014701 /* Assets.xcassets */; };
		0EA892BE248643BE00014701 /* LaunchScreen.storyboard in Resources */ = {isa = PBXBuildFile; fileRef = 0EA892BC248643BE00014701 /* LaunchScreen.storyboard */; };
		0EA892C62486447200014701 /* CollectionViewController.swift in Sources */ = {isa = PBXBuildFile; fileRef = 0EA892C52486447200014701 /* CollectionViewController.swift */; };
		0EA892C924864C8200014701 /* Personage.swift in Sources */ = {isa = PBXBuildFile; fileRef = 0EA892C824864C8200014701 /* Personage.swift */; };
		0EA892CB2486507F00014701 /* Collection Personage.swift in Sources */ = {isa = PBXBuildFile; fileRef = 0EA892CA2486507F00014701 /* Collection Personage.swift */; };
		0EA892CE2486533000014701 /* PersonageManager.swift in Sources */ = {isa = PBXBuildFile; fileRef = 0EA892CD2486533000014701 /* PersonageManager.swift */; };
		0EA892D124866F1900014701 /* OnePersonageViewController.swift in Sources */ = {isa = PBXBuildFile; fileRef = 0EA892D024866F1900014701 /* OnePersonageViewController.swift */; };
/* End PBXBuildFile section */

/* Begin PBXFileReference section */
		0EA892AE248643B800014701 /* EnchantimalsApp.app */ = {isa = PBXFileReference; explicitFileType = wrapper.application; includeInIndex = 0; path = EnchantimalsApp.app; sourceTree = BUILT_PRODUCTS_DIR; };
		0EA892B1248643B800014701 /* AppDelegate.swift */ = {isa = PBXFileReference; lastKnownFileType = sourcecode.swift; path = AppDelegate.swift; sourceTree = "<group>"; };
		0EA892B3248643B800014701 /* SceneDelegate.swift */ = {isa = PBXFileReference; lastKnownFileType = sourcecode.swift; path = SceneDelegate.swift; sourceTree = "<group>"; };
		0EA892B8248643B800014701 /* Base */ = {isa = PBXFileReference; lastKnownFileType = file.storyboard; name = Base; path = Base.lproj/Main.storyboard; sourceTree = "<group>"; };
		0EA892BA248643BE00014701 /* Assets.xcassets */ = {isa = PBXFileReference; lastKnownFileType = folder.assetcatalog; path = Assets.xcassets; sourceTree = "<group>"; };
		0EA892BD248643BE00014701 /* Base */ = {isa = PBXFileReference; lastKnownFileType = file.storyboard; name = Base; path = Base.lproj/LaunchScreen.storyboard; sourceTree = "<group>"; };
		0EA892BF248643BE00014701 /* Info.plist */ = {isa = PBXFileReference; lastKnownFileType = text.plist.xml; path = Info.plist; sourceTree = "<group>"; };
		0EA892C52486447200014701 /* CollectionViewController.swift */ = {isa = PBXFileReference; lastKnownFileType = sourcecode.swift; path = CollectionViewController.swift; sourceTree = "<group>"; };
		0EA892C824864C8200014701 /* Personage.swift */ = {isa = PBXFileReference; lastKnownFileType = sourcecode.swift; path = Personage.swift; sourceTree = "<group>"; };
		0EA892CA2486507F00014701 /* Collection Personage.swift */ = {isa = PBXFileReference; lastKnownFileType = sourcecode.swift; path = "Collection Personage.swift"; sourceTree = "<group>"; };
		0EA892CD2486533000014701 /* PersonageManager.swift */ = {isa = PBXFileReference; lastKnownFileType = sourcecode.swift; path = PersonageManager.swift; sourceTree = "<group>"; };
		0EA892D024866F1900014701 /* OnePersonageViewController.swift */ = {isa = PBXFileReference; lastKnownFileType = sourcecode.swift; name = OnePersonageViewController.swift; path = EnchantimalsApp/Managers/OnePersonageViewController.swift; sourceTree = SOURCE_ROOT; };
/* End PBXFileReference section */

/* Begin PBXFrameworksBuildPhase section */
		0EA892AB248643B800014701 /* Frameworks */ = {
			isa = PBXFrameworksBuildPhase;
			buildActionMask = 2147483647;
			files = (
			);
			runOnlyForDeploymentPostprocessing = 0;
		};
/* End PBXFrameworksBuildPhase section */

/* Begin PBXGroup section */
		0EA892A5248643B800014701 = {
			isa = PBXGroup;
			children = (
				0EA892B0248643B800014701 /* EnchantimalsApp */,
				0EA892AF248643B800014701 /* Products */,
			);
			sourceTree = "<group>";
		};
		0EA892AF248643B800014701 /* Products */ = {
			isa = PBXGroup;
			children = (
				0EA892AE248643B800014701 /* EnchantimalsApp.app */,
			);
			name = Products;
			sourceTree = "<group>";
		};
		0EA892B0248643B800014701 /* EnchantimalsApp */ = {
			isa = PBXGroup;
			children = (
				0EA892CF24866EDE00014701 /* ViewControllers */,
				0EA892CC2486530500014701 /* Managers */,
				0EA892C724864C5D00014701 /* Entities */,
				0EA892B1248643B800014701 /* AppDelegate.swift */,
				0EA892B3248643B800014701 /* SceneDelegate.swift */,
				0EA892B7248643B800014701 /* Main.storyboard */,
				0EA892BA248643BE00014701 /* Assets.xcassets */,
				0EA892BC248643BE00014701 /* LaunchScreen.storyboard */,
				0EA892BF248643BE00014701 /* Info.plist */,
			);
			path = EnchantimalsApp;
			sourceTree = "<group>";
		};
		0EA892C724864C5D00014701 /* Entities */ = {
			isa = PBXGroup;
			children = (
				0EA892C824864C8200014701 /* Personage.swift */,
				0EA892CA2486507F00014701 /* Collection Personage.swift */,
			);
			path = Entities;
			sourceTree = "<group>";
		};
		0EA892CC2486530500014701 /* Managers */ = {
			isa = PBXGroup;
			children = (
				0EA892CD2486533000014701 /* PersonageManager.swift */,
			);
			path = Managers;
			sourceTree = "<group>";
		};
		0EA892CF24866EDE00014701 /* ViewControllers */ = {
			isa = PBXGroup;
			children = (
				0EA892D024866F1900014701 /* OnePersonageViewController.swift */,
				0EA892C52486447200014701 /* CollectionViewController.swift */,
			);
			path = ViewControllers;
			sourceTree = "<group>";
		};
/* End PBXGroup section */

/* Begin PBXNativeTarget section */
		0EA892AD248643B800014701 /* EnchantimalsApp */ = {
			isa = PBXNativeTarget;
			buildConfigurationList = 0EA892C2248643BE00014701 /* Build configuration list for PBXNativeTarget "EnchantimalsApp" */;
			buildPhases = (
				0EA892AA248643B800014701 /* Sources */,
				0EA892AB248643B800014701 /* Frameworks */,
				0EA892AC248643B800014701 /* Resources */,
			);
			buildRules = (
			);
			dependencies = (
			);
			name = EnchantimalsApp;
			productName = EnchantimalsApp;
			productReference = 0EA892AE248643B800014701 /* EnchantimalsApp.app */;
			productType = "com.apple.product-type.application";
		};
/* End PBXNativeTarget section */

/* Begin PBXProject section */
		0EA892A6248643B800014701 /* Project object */ = {
			isa = PBXProject;
			attributes = {
				LastSwiftUpdateCheck = 1150;
				LastUpgradeCheck = 1150;
				ORGANIZATIONNAME = "Anastasiya Laptseva";
				TargetAttributes = {
					0EA892AD248643B800014701 = {
						CreatedOnToolsVersion = 11.5;
					};
				};
			};
			buildConfigurationList = 0EA892A9248643B800014701 /* Build configuration list for PBXProject "EnchantimalsApp" */;
			compatibilityVersion = "Xcode 9.3";
			developmentRegion = en;
			hasScannedForEncodings = 0;
			knownRegions = (
				en,
				Base,
			);
			mainGroup = 0EA892A5248643B800014701;
			productRefGroup = 0EA892AF248643B800014701 /* Products */;
			projectDirPath = "";
			projectRoot = "";
			targets = (
				0EA892AD248643B800014701 /* EnchantimalsApp */,
			);
		};
/* End PBXProject section */

/* Begin PBXResourcesBuildPhase section */
		0EA892AC248643B800014701 /* Resources */ = {
			isa = PBXResourcesBuildPhase;
			buildActionMask = 2147483647;
			files = (
				0EA892BE248643BE00014701 /* LaunchScreen.storyboard in Resources */,
				0EA892BB248643BE00014701 /* Assets.xcassets in Resources */,
				0EA892B9248643B800014701 /* Main.storyboard in Resources */,
			);
			runOnlyForDeploymentPostprocessing = 0;
		};
/* End PBXResourcesBuildPhase section */

/* Begin PBXSourcesBuildPhase section */
		0EA892AA248643B800014701 /* Sources */ = {
			isa = PBXSourcesBuildPhase;
			buildActionMask = 2147483647;
			files = (
				0EA892D124866F1900014701 /* OnePersonageViewController.swift in Sources */,
				0EA892CB2486507F00014701 /* Collection Personage.swift in Sources */,
				0EA892C62486447200014701 /* CollectionViewController.swift in Sources */,
				0EA892B2248643B800014701 /* AppDelegate.swift in Sources */,
				0EA892C924864C8200014701 /* Personage.swift in Sources */,
				0EA892CE2486533000014701 /* PersonageManager.swift in Sources */,
				0EA892B4248643B800014701 /* SceneDelegate.swift in Sources */,
			);
			runOnlyForDeploymentPostprocessing = 0;
		};
/* End PBXSourcesBuildPhase section */

/* Begin PBXVariantGroup section */
		0EA892B7248643B800014701 /* Main.storyboard */ = {
			isa = PBXVariantGroup;
			children = (
				0EA892B8248643B800014701 /* Base */,
			);
			name = Main.storyboard;
			sourceTree = "<group>";
		};
		0EA892BC248643BE00014701 /* LaunchScreen.storyboard */ = {
			isa = PBXVariantGroup;
			children = (
				0EA892BD248643BE00014701 /* Base */,
			);
			name = LaunchScreen.storyboard;
			sourceTree = "<group>";
		};
/* End PBXVariantGroup section */

/* Begin XCBuildConfiguration section */
		0EA892C0248643BE00014701 /* Debug */ = {
			isa = XCBuildConfiguration;
			buildSettings = {
				ALWAYS_SEARCH_USER_PATHS = NO;
				CLANG_ANALYZER_NONNULL = YES;
				CLANG_ANALYZER_NUMBER_OBJECT_CONVERSION = YES_AGGRESSIVE;
				CLANG_CXX_LANGUAGE_STANDARD = "gnu++14";
				CLANG_CXX_LIBRARY = "libc++";
				CLANG_ENABLE_MODULES = YES;
				CLANG_ENABLE_OBJC_ARC = YES;
				CLANG_ENABLE_OBJC_WEAK = YES;
				CLANG_WARN_BLOCK_CAPTURE_AUTORELEASING = YES;
				CLANG_WARN_BOOL_CONVERSION = YES;
				CLANG_WARN_COMMA = YES;
				CLANG_WARN_CONSTANT_CONVERSION = YES;
				CLANG_WARN_DEPRECATED_OBJC_IMPLEMENTATIONS = YES;
				CLANG_WARN_DIRECT_OBJC_ISA_USAGE = YES_ERROR;
				CLANG_WARN_DOCUMENTATION_COMMENTS = YES;
				CLANG_WARN_EMPTY_BODY = YES;
				CLANG_WARN_ENUM_CONVERSION = YES;
				CLANG_WARN_INFINITE_RECURSION = YES;
				CLANG_WARN_INT_CONVERSION = YES;
				CLANG_WARN_NON_LITERAL_NULL_CONVERSION = YES;
				CLANG_WARN_OBJC_IMPLICIT_RETAIN_SELF = YES;
				CLANG_WARN_OBJC_LITERAL_CONVERSION = YES;
				CLANG_WARN_OBJC_ROOT_CLASS = YES_ERROR;
				CLANG_WARN_RANGE_LOOP_ANALYSIS = YES;
				CLANG_WARN_STRICT_PROTOTYPES = YES;
				CLANG_WARN_SUSPICIOUS_MOVE = YES;
				CLANG_WARN_UNGUARDED_AVAILABILITY = YES_AGGRESSIVE;
				CLANG_WARN_UNREACHABLE_CODE = YES;
				CLANG_WARN__DUPLICATE_METHOD_MATCH = YES;
				COPY_PHASE_STRIP = NO;
				DEBUG_INFORMATION_FORMAT = dwarf;
				ENABLE_STRICT_OBJC_MSGSEND = YES;
				ENABLE_TESTABILITY = YES;
				GCC_C_LANGUAGE_STANDARD = gnu11;
				GCC_DYNAMIC_NO_PIC = NO;
				GCC_NO_COMMON_BLOCKS = YES;
				GCC_OPTIMIZATION_LEVEL = 0;
				GCC_PREPROCESSOR_DEFINITIONS = (
					"DEBUG=1",
					"$(inherited)",
				);
				GCC_WARN_64_TO_32_BIT_CONVERSION = YES;
				GCC_WARN_ABOUT_RETURN_TYPE = YES_ERROR;
				GCC_WARN_UNDECLARED_SELECTOR = YES;
				GCC_WARN_UNINITIALIZED_AUTOS = YES_AGGRESSIVE;
				GCC_WARN_UNUSED_FUNCTION = YES;
				GCC_WARN_UNUSED_VARIABLE = YES;
				IPHONEOS_DEPLOYMENT_TARGET = 13.5;
				MTL_ENABLE_DEBUG_INFO = INCLUDE_SOURCE;
				MTL_FAST_MATH = YES;
				ONLY_ACTIVE_ARCH = YES;
				SDKROOT = iphoneos;
				SWIFT_ACTIVE_COMPILATION_CONDITIONS = DEBUG;
				SWIFT_OPTIMIZATION_LEVEL = "-Onone";
			};
			name = Debug;
		};
		0EA892C1248643BE00014701 /* Release */ = {
			isa = XCBuildConfiguration;
			buildSettings = {
				ALWAYS_SEARCH_USER_PATHS = NO;
				CLANG_ANALYZER_NONNULL = YES;
				CLANG_ANALYZER_NUMBER_OBJECT_CONVERSION = YES_AGGRESSIVE;
				CLANG_CXX_LANGUAGE_STANDARD = "gnu++14";
				CLANG_CXX_LIBRARY = "libc++";
				CLANG_ENABLE_MODULES = YES;
				CLANG_ENABLE_OBJC_ARC = YES;
				CLANG_ENABLE_OBJC_WEAK = YES;
				CLANG_WARN_BLOCK_CAPTURE_AUTORELEASING = YES;
				CLANG_WARN_BOOL_CONVERSION = YES;
				CLANG_WARN_COMMA = YES;
				CLANG_WARN_CONSTANT_CONVERSION = YES;
				CLANG_WARN_DEPRECATED_OBJC_IMPLEMENTATIONS = YES;
				CLANG_WARN_DIRECT_OBJC_ISA_USAGE = YES_ERROR;
				CLANG_WARN_DOCUMENTATION_COMMENTS = YES;
				CLANG_WARN_EMPTY_BODY = YES;
				CLANG_WARN_ENUM_CONVERSION = YES;
				CLANG_WARN_INFINITE_RECURSION = YES;
				CLANG_WARN_INT_CONVERSION = YES;
				CLANG_WARN_NON_LITERAL_NULL_CONVERSION = YES;
				CLANG_WARN_OBJC_IMPLICIT_RETAIN_SELF = YES;
				CLANG_WARN_OBJC_LITERAL_CONVERSION = YES;
				CLANG_WARN_OBJC_ROOT_CLASS = YES_ERROR;
				CLANG_WARN_RANGE_LOOP_ANALYSIS = YES;
				CLANG_WARN_STRICT_PROTOTYPES = YES;
				CLANG_WARN_SUSPICIOUS_MOVE = YES;
				CLANG_WARN_UNGUARDED_AVAILABILITY = YES_AGGRESSIVE;
				CLANG_WARN_UNREACHABLE_CODE = YES;
				CLANG_WARN__DUPLICATE_METHOD_MATCH = YES;
				COPY_PHASE_STRIP = NO;
				DEBUG_INFORMATION_FORMAT = "dwarf-with-dsym";
				ENABLE_NS_ASSERTIONS = NO;
				ENABLE_STRICT_OBJC_MSGSEND = YES;
				GCC_C_LANGUAGE_STANDARD = gnu11;
				GCC_NO_COMMON_BLOCKS = YES;
				GCC_WARN_64_TO_32_BIT_CONVERSION = YES;
				GCC_WARN_ABOUT_RETURN_TYPE = YES_ERROR;
				GCC_WARN_UNDECLARED_SELECTOR = YES;
				GCC_WARN_UNINITIALIZED_AUTOS = YES_AGGRESSIVE;
				GCC_WARN_UNUSED_FUNCTION = YES;
				GCC_WARN_UNUSED_VARIABLE = YES;
				IPHONEOS_DEPLOYMENT_TARGET = 13.5;
				MTL_ENABLE_DEBUG_INFO = NO;
				MTL_FAST_MATH = YES;
				SDKROOT = iphoneos;
				SWIFT_COMPILATION_MODE = wholemodule;
				SWIFT_OPTIMIZATION_LEVEL = "-O";
				VALIDATE_PRODUCT = YES;
			};
			name = Release;
		};
		0EA892C3248643BE00014701 /* Debug */ = {
			isa = XCBuildConfiguration;
			buildSettings = {
				ASSETCATALOG_COMPILER_APPICON_NAME = AppIcon;
				CODE_SIGN_STYLE = Automatic;
				DEVELOPMENT_TEAM = HXKFR2XNYP;
				INFOPLIST_FILE = EnchantimalsApp/Info.plist;
				LD_RUNPATH_SEARCH_PATHS = (
					"$(inherited)",
					"@executable_path/Frameworks",
				);
				PRODUCT_BUNDLE_IDENTIFIER = Anas.learn.academy.EnchantimalsApp;
				PRODUCT_NAME = "$(TARGET_NAME)";
				SWIFT_VERSION = 5.0;
				TARGETED_DEVICE_FAMILY = "1,2";
			};
			name = Debug;
		};
		0EA892C4248643BE00014701 /* Release */ = {
			isa = XCBuildConfiguration;
			buildSettings = {
				ASSETCATALOG_COMPILER_APPICON_NAME = AppIcon;
				CODE_SIGN_STYLE = Automatic;
				DEVELOPMENT_TEAM = HXKFR2XNYP;
				INFOPLIST_FILE = EnchantimalsApp/Info.plist;
				LD_RUNPATH_SEARCH_PATHS = (
					"$(inherited)",
					"@executable_path/Frameworks",
				);
				PRODUCT_BUNDLE_IDENTIFIER = Anas.learn.academy.EnchantimalsApp;
				PRODUCT_NAME = "$(TARGET_NAME)";
				SWIFT_VERSION = 5.0;
				TARGETED_DEVICE_FAMILY = "1,2";
			};
			name = Release;
		};
/* End XCBuildConfiguration section */

/* Begin XCConfigurationList section */
		0EA892A9248643B800014701 /* Build configuration list for PBXProject "EnchantimalsApp" */ = {
			isa = XCConfigurationList;
			buildConfigurations = (
				0EA892C0248643BE00014701 /* Debug */,
				0EA892C1248643BE00014701 /* Release */,
			);
			defaultConfigurationIsVisible = 0;
			defaultConfigurationName = Release;
		};
		0EA892C2248643BE00014701 /* Build configuration list for PBXNativeTarget "EnchantimalsApp" */ = {
			isa = XCConfigurationList;
			buildConfigurations = (
				0EA892C3248643BE00014701 /* Debug */,
				0EA892C4248643BE00014701 /* Release */,
			);
			defaultConfigurationIsVisible = 0;
			defaultConfigurationName = Release;
		};
/* End XCConfigurationList section */
	};
	rootObject = 0EA892A6248643B800014701 /* Project object */;
}
